{
  "version": "4",
  "specifiers": {
    "jsr:@std/assert@*": "1.0.13",
    "jsr:@std/assert@1.0.13": "1.0.13",
    "jsr:@std/internal@^1.0.5": "1.0.5",
    "jsr:@std/internal@^1.0.6": "1.0.8",
    "npm:@azure-rest/ai-inference@1.0.0-beta.5": "1.0.0-beta.5",
    "npm:@azure/core-auth@1.9.0": "1.9.0",
    "npm:@octokit/rest@22.0.0": "22.0.0_@octokit+core@7.0.2",
    "npm:@types/node@*": "22.5.4"
  },
  "jsr": {
    "@std/assert@1.0.11": {
      "integrity": "2461ef3c368fe88bc60e186e7744a93112f16fd110022e113a0849e94d1c83c1",
      "dependencies": [
        "jsr:@std/internal@^1.0.5"
      ]
    },
    "@std/assert@1.0.13": {
      "integrity": "ae0d31e41919b12c656c742b22522c32fb26ed0cba32975cb0de2a273cb68b29",
      "dependencies": [
        "jsr:@std/internal@^1.0.6"
      ]
    },
    "@std/internal@1.0.5": {
      "integrity": "54a546004f769c1ac9e025abd15a76b6671ddc9687e2313b67376125650dc7ba"
    },
    "@std/internal@1.0.8": {
      "integrity": "fc66e846d8d38a47cffd274d80d2ca3f0de71040f855783724bb6b87f60891f5"
    }
  },
  "npm": {
    "@azure-rest/ai-inference@1.0.0-beta.5": {
      "integrity": "sha512-G6tAWR7DGHTfWx5+N5csTWX304lWNWeePXHx1LBYKLhTeonNTY4OrpqC6DD12oPxLuK0WbEJ3JXK/A3HdKj+BA==",
      "dependencies": [
        "@azure-rest/core-client",
        "@azure/abort-controller@1.1.0",
        "@azure/core-auth",
        "@azure/core-lro",
        "@azure/core-rest-pipeline",
        "@azure/core-tracing",
        "@azure/logger",
        "tslib"
      ]
    },
    "@azure-rest/core-client@2.4.0": {
      "integrity": "sha512-CjMFBcmnt0YNdRcxSSoZbtZNXudLlicdml7UrPsV03nHiWB+Bq5cu5ctieyaCuRtU7jm7+SOFtiE/g4pBFPKKA==",
      "dependencies": [
        "@azure/abort-controller@2.1.2",
        "@azure/core-auth",
        "@azure/core-rest-pipeline",
        "@azure/core-tracing",
        "@typespec/ts-http-runtime",
        "tslib"
      ]
    },
    "@azure/abort-controller@1.1.0": {
      "integrity": "sha512-TrRLIoSQVzfAJX9H1JeFjzAoDGcoK1IYX1UImfceTZpsyYfWr09Ss1aHW1y5TrrR3iq6RZLBwJ3E24uwPhwahw==",
      "dependencies": [
        "tslib"
      ]
    },
    "@azure/abort-controller@2.1.2": {
      "integrity": "sha512-nBrLsEWm4J2u5LpAPjxADTlq3trDgVZZXHNKabeXZtpq3d3AbN/KGO82R87rdDz5/lYB024rtEf10/q0urNgsA==",
      "dependencies": [
        "tslib"
      ]
    },
    "@azure/core-auth@1.9.0": {
      "integrity": "sha512-FPwHpZywuyasDSLMqJ6fhbOK3TqUdviZNF8OqRGA4W5Ewib2lEEZ+pBsYcBa88B2NGO/SEnYPGhyBqNlE8ilSw==",
      "dependencies": [
        "@azure/abort-controller@2.1.2",
        "@azure/core-util",
        "tslib"
      ]
    },
    "@azure/core-lro@2.7.2": {
      "integrity": "sha512-0YIpccoX8m/k00O7mDDMdJpbr6mf1yWo2dfmxt5A8XVZVVMz2SSKaEbMCeJRvgQ0IaSlqhjT47p4hVIRRy90xw==",
      "dependencies": [
        "@azure/abort-controller@2.1.2",
        "@azure/core-util",
        "@azure/logger",
        "tslib"
      ]
    },
    "@azure/core-rest-pipeline@1.21.0": {
      "integrity": "sha512-a4MBwe/5WKbq9MIxikzgxLBbruC5qlkFYlBdI7Ev50Y7ib5Vo/Jvt5jnJo7NaWeJ908LCHL0S1Us4UMf1VoTfg==",
      "dependencies": [
        "@azure/abort-controller@2.1.2",
        "@azure/core-auth",
        "@azure/core-tracing",
        "@azure/core-util",
        "@azure/logger",
        "@typespec/ts-http-runtime",
        "tslib"
      ]
    },
    "@azure/core-tracing@1.2.0": {
      "integrity": "sha512-UKTiEJPkWcESPYJz3X5uKRYyOcJD+4nYph+KpfdPRnQJVrZfk0KJgdnaAWKfhsBBtAf/D58Az4AvCJEmWgIBAg==",
      "dependencies": [
        "tslib"
      ]
    },
    "@azure/core-util@1.12.0": {
      "integrity": "sha512-13IyjTQgABPARvG90+N2dXpC+hwp466XCdQXPCRlbWHgd3SJd5Q1VvaBGv6k1BIa4MQm6hAF1UBU1m8QUxV8sQ==",
      "dependencies": [
        "@azure/abort-controller@2.1.2",
        "@typespec/ts-http-runtime",
        "tslib"
      ]
    },
    "@azure/logger@1.2.0": {
      "integrity": "sha512-0hKEzLhpw+ZTAfNJyRrn6s+V0nDWzXk9OjBr2TiGIu0OfMr5s2V4FpKLTAK3Ca5r5OKLbf4hkOGDPyiRjie/jA==",
      "dependencies": [
        "@typespec/ts-http-runtime",
        "tslib"
      ]
    },
    "@octokit/auth-token@6.0.0": {
      "integrity": "sha512-P4YJBPdPSpWTQ1NU4XYdvHvXJJDxM6YwpS0FZHRgP7YFkdVxsWcpWGy/NVqlAA7PcPCnMacXlRm1y2PFZRWL/w=="
    },
    "@octokit/core@7.0.2": {
      "integrity": "sha512-ODsoD39Lq6vR6aBgvjTnA3nZGliknKboc9Gtxr7E4WDNqY24MxANKcuDQSF0jzapvGb3KWOEDrKfve4HoWGK+g==",
      "dependencies": [
        "@octokit/auth-token",
        "@octokit/graphql",
        "@octokit/request",
        "@octokit/request-error",
        "@octokit/types",
        "before-after-hook",
        "universal-user-agent"
      ]
    },
    "@octokit/endpoint@11.0.0": {
      "integrity": "sha512-hoYicJZaqISMAI3JfaDr1qMNi48OctWuOih1m80bkYow/ayPw6Jj52tqWJ6GEoFTk1gBqfanSoI1iY99Z5+ekQ==",
      "dependencies": [
        "@octokit/types",
        "universal-user-agent"
      ]
    },
    "@octokit/graphql@9.0.1": {
      "integrity": "sha512-j1nQNU1ZxNFx2ZtKmL4sMrs4egy5h65OMDmSbVyuCzjOcwsHq6EaYjOTGXPQxgfiN8dJ4CriYHk6zF050WEULg==",
      "dependencies": [
        "@octokit/request",
        "@octokit/types",
        "universal-user-agent"
      ]
    },
    "@octokit/openapi-types@25.1.0": {
      "integrity": "sha512-idsIggNXUKkk0+BExUn1dQ92sfysJrje03Q0bv0e+KPLrvyqZF8MnBpFz8UNfYDwB3Ie7Z0TByjWfzxt7vseaA=="
    },
    "@octokit/plugin-paginate-rest@13.1.0_@octokit+core@7.0.2": {
      "integrity": "sha512-16iNOa4rTTjaWtfsPGJcYYL79FJakseX8TQFIPfVuSPC3s5nkS/DSNQPFPc5lJHgEDBWNMxSApHrEymNblhA9w==",
      "dependencies": [
        "@octokit/core",
        "@octokit/types"
      ]
    },
    "@octokit/plugin-request-log@6.0.0_@octokit+core@7.0.2": {
      "integrity": "sha512-UkOzeEN3W91/eBq9sPZNQ7sUBvYCqYbrrD8gTbBuGtHEuycE4/awMXcYvx6sVYo7LypPhmQwwpUe4Yyu4QZN5Q==",
      "dependencies": [
        "@octokit/core"
      ]
    },
    "@octokit/plugin-rest-endpoint-methods@16.0.0_@octokit+core@7.0.2": {
      "integrity": "sha512-kJVUQk6/dx/gRNLWUnAWKFs1kVPn5O5CYZyssyEoNYaFedqZxsfYs7DwI3d67hGz4qOwaJ1dpm07hOAD1BXx6g==",
      "dependencies": [
        "@octokit/core",
        "@octokit/types"
      ]
    },
    "@octokit/request-error@7.0.0": {
      "integrity": "sha512-KRA7VTGdVyJlh0cP5Tf94hTiYVVqmt2f3I6mnimmaVz4UG3gQV/k4mDJlJv3X67iX6rmN7gSHCF8ssqeMnmhZg==",
      "dependencies": [
        "@octokit/types"
      ]
    },
    "@octokit/request@10.0.3": {
      "integrity": "sha512-V6jhKokg35vk098iBqp2FBKunk3kMTXlmq+PtbV9Gl3TfskWlebSofU9uunVKhUN7xl+0+i5vt0TGTG8/p/7HA==",
      "dependencies": [
        "@octokit/endpoint",
        "@octokit/request-error",
        "@octokit/types",
        "fast-content-type-parse",
        "universal-user-agent"
      ]
    },
    "@octokit/rest@22.0.0_@octokit+core@7.0.2": {
      "integrity": "sha512-z6tmTu9BTnw51jYGulxrlernpsQYXpui1RK21vmXn8yF5bp6iX16yfTtJYGK5Mh1qDkvDOmp2n8sRMcQmR8jiA==",
      "dependencies": [
        "@octokit/core",
        "@octokit/plugin-paginate-rest",
        "@octokit/plugin-request-log",
        "@octokit/plugin-rest-endpoint-methods"
      ]
    },
    "@octokit/types@14.1.0": {
      "integrity": "sha512-1y6DgTy8Jomcpu33N+p5w58l6xyt55Ar2I91RPiIA0xCJBXyUAhXCcmZaDWSANiha7R9a6qJJ2CRomGPZ6f46g==",
      "dependencies": [
        "@octokit/openapi-types"
      ]
    },
    "@types/node@22.5.4": {
      "integrity": "sha512-FDuKUJQm/ju9fT/SeX/6+gBzoPzlVCzfzmGkwKvRHQVxi4BntVbyIwf6a4Xn62mrvndLiml6z/UBXIdEVjQLXg==",
      "dependencies": [
        "undici-types"
      ]
    },
    "@typespec/ts-http-runtime@0.2.3": {
      "integrity": "sha512-oRhjSzcVjX8ExyaF8hC0zzTqxlVuRlgMHL/Bh4w3xB9+wjbm0FpXylVU/lBrn+kgphwYTrOk3tp+AVShGmlYCg==",
      "dependencies": [
        "http-proxy-agent",
        "https-proxy-agent",
        "tslib"
      ]
    },
    "agent-base@7.1.3": {
      "integrity": "sha512-jRR5wdylq8CkOe6hei19GGZnxM6rBGwFl3Bg0YItGDimvjGtAvdZk4Pu6Cl4u4Igsws4a1fd1Vq3ezrhn4KmFw=="
    },
    "before-after-hook@4.0.0": {
      "integrity": "sha512-q6tR3RPqIB1pMiTRMFcZwuG5T8vwp+vUvEG0vuI6B+Rikh5BfPp2fQ82c925FOs+b0lcFQ8CFrL+KbilfZFhOQ=="
    },
    "debug@4.4.1": {
      "integrity": "sha512-KcKCqiftBJcZr++7ykoDIEwSa3XWowTfNPo92BYxjXiyYEVrUQh2aLyhxBCwww+heortUFxEJYcRzosstTEBYQ==",
      "dependencies": [
        "ms"
      ]
    },
    "fast-content-type-parse@3.0.0": {
      "integrity": "sha512-ZvLdcY8P+N8mGQJahJV5G4U88CSvT1rP8ApL6uETe88MBXrBHAkZlSEySdUlyztF7ccb+Znos3TFqaepHxdhBg=="
    },
    "http-proxy-agent@7.0.2": {
      "integrity": "sha512-T1gkAiYYDWYx3V5Bmyu7HcfcvL7mUrTWiM6yOfa3PIphViJ/gFPbvidQ+veqSOHci/PxBcDabeUNCzpOODJZig==",
      "dependencies": [
        "agent-base",
        "debug"
      ]
    },
    "https-proxy-agent@7.0.6": {
      "integrity": "sha512-vK9P5/iUfdl95AI+JVyUuIcVtd4ofvtrOr3HNtM2yxC9bnMbEdp3x01OhQNnjb8IJYi38VlTE3mBXwcfvywuSw==",
      "dependencies": [
        "agent-base",
        "debug"
      ]
    },
    "ms@2.1.3": {
      "integrity": "sha512-6FlzubTLZG3J2a/NVCAleEhjzq5oxgHyaCU9yYXvcLsvoVaHJq/s5xXI6/XXP6tz7R9xAOtHnSO/tXtF3WRTlA=="
    },
    "tslib@2.8.1": {
      "integrity": "sha512-oJFu94HQb+KVduSUQL7wnpmqnfmLsOA/nAh6b6EH0wCEoK0/mPeXU6c3wKDV83MkOuHPRHtSXKKU99IBazS/2w=="
    },
    "undici-types@6.19.8": {
      "integrity": "sha512-ve2KP6f/JnbPBFyobGHuerC9g1FYGn/F8n1LWTwNxCEzd6IfqTwUQcNXgEtmmQ6DlRrC1hrSrBnCZPokRrDHjw=="
    },
    "universal-user-agent@7.0.3": {
      "integrity": "sha512-TmnEAEAsBJVZM/AADELsK76llnwcf9vMKuPz8JflO1frO8Lchitr0fNaN9d+Ap0BjKtqWqd/J17qeDnXh8CL2A=="
    }
  },
  "redirects": {
    "https://esm.sh/@octokit/auth-token@^4.0.0?target=denonext": "https://esm.sh/@octokit/auth-token@4.0.0?target=denonext",
    "https://esm.sh/@octokit/core@^5.0.0?target=denonext": "https://esm.sh/@octokit/core@5.2.1?target=denonext",
    "https://esm.sh/@octokit/endpoint@^9.0.6?target=denonext": "https://esm.sh/@octokit/endpoint@9.0.6?target=denonext",
    "https://esm.sh/@octokit/graphql@^7.1.0?target=denonext": "https://esm.sh/@octokit/graphql@7.1.1?target=denonext",
    "https://esm.sh/@octokit/plugin-paginate-rest@^9.0.0?target=denonext": "https://esm.sh/@octokit/plugin-paginate-rest@9.2.2?target=denonext",
    "https://esm.sh/@octokit/plugin-request-log@^4.0.0?target=denonext": "https://esm.sh/@octokit/plugin-request-log@4.0.1?target=denonext",
    "https://esm.sh/@octokit/plugin-rest-endpoint-methods@^10.0.0?target=denonext": "https://esm.sh/@octokit/plugin-rest-endpoint-methods@10.4.1?target=denonext",
    "https://esm.sh/@octokit/request-error@^5.1.1?target=denonext": "https://esm.sh/@octokit/request-error@5.1.1?target=denonext",
    "https://esm.sh/@octokit/request@^8.4.1?target=denonext": "https://esm.sh/@octokit/request@8.4.1?target=denonext",
    "https://esm.sh/@types/once@~1.4.5/index.d.ts": "https://esm.sh/@types/once@1.4.5/index.d.ts",
    "https://esm.sh/before-after-hook@^2.2.0?target=denonext": "https://esm.sh/before-after-hook@2.2.3?target=denonext",
    "https://esm.sh/deprecation@^2.0.0?target=denonext": "https://esm.sh/deprecation@2.3.1?target=denonext",
    "https://esm.sh/once@^1.4.0?target=denonext": "https://esm.sh/once@1.4.0?target=denonext",
    "https://esm.sh/universal-user-agent@^6.0.0?target=denonext": "https://esm.sh/universal-user-agent@6.0.1?target=denonext",
    "https://esm.sh/wrappy@1?target=denonext": "https://esm.sh/wrappy@1.0.2?target=denonext"
  },
  "remote": {
    "https://esm.sh/@octokit/auth-token@4.0.0/denonext/auth-token.mjs": "b86bb5125999c0f4bdfec51cd7612b7b0bc5e80efc8a5661751bb72c4af84264",
    "https://esm.sh/@octokit/auth-token@4.0.0?target=denonext": "b57936266bd7ea66be825e7774d6c863431b4f52017146b0ee87c087e0a5f193",
    "https://esm.sh/@octokit/core@5.2.1/denonext/core.mjs": "578a35bb302bcedf43ed4a51501ec14a1b01fde56ade6c3afd8538bf0fde867d",
    "https://esm.sh/@octokit/core@5.2.1?target=denonext": "e6f40fa2a28e0bfb77105e21463912fa6bc3234b0bde6d7271505b5cfa5ecc56",
    "https://esm.sh/@octokit/endpoint@9.0.6/denonext/endpoint.mjs": "bb7b60907ae7ff8bd6d4c1cf7de732e52e9e79aae24fc7135c35b14297867568",
    "https://esm.sh/@octokit/endpoint@9.0.6?target=denonext": "b08186f1719117be55cf159d333454711be2a852b4bade2963428328794ef5fe",
    "https://esm.sh/@octokit/graphql@7.1.1/denonext/graphql.mjs": "1980a363e8ed1df2db32f7b82e48c4d87a017a0f8e07702452e11cdf6307d6fb",
    "https://esm.sh/@octokit/graphql@7.1.1?target=denonext": "b2ce42fec5d1b41e740c4f66fdbe3de7d1486472cf9647b531aaf5c5b56c8b62",
    "https://esm.sh/@octokit/plugin-paginate-rest@9.2.2/denonext/plugin-paginate-rest.mjs": "0b6b7fa8f163ebbccc44929f31dfeb59352b883f81ec9a66dbee7d9414eb4c73",
    "https://esm.sh/@octokit/plugin-paginate-rest@9.2.2?target=denonext": "642eb787604f6b459feca5ba829e978cf03a52fb38a26d684341b8e3af2ef746",
    "https://esm.sh/@octokit/plugin-request-log@4.0.1/denonext/plugin-request-log.mjs": "b7819cf371ecfc134bca23e884b6fdefc9b2acecdc766417412373022e3337b2",
    "https://esm.sh/@octokit/plugin-request-log@4.0.1?target=denonext": "2c50a5735f0c50a9d3dcf3f1a18c9c558949a4025bdadd5a17bbdc73dd647543",
    "https://esm.sh/@octokit/plugin-rest-endpoint-methods@10.4.1/denonext/plugin-rest-endpoint-methods.mjs": "7d1ad35f2f96fceff622aa578f0fa1369cdc5bff6219fc08f0b14823bc51bf9c",
    "https://esm.sh/@octokit/plugin-rest-endpoint-methods@10.4.1?target=denonext": "b159fa05eb508ce4cd22bbd5d16cb2f408bfe65f3899f2e5c5703dcdf11b6b5a",
    "https://esm.sh/@octokit/request-error@5.1.1/denonext/request-error.mjs": "8dd98d2cd8625cc379c363e8b4be41684105e951003b461002f777e3c96b9a9f",
    "https://esm.sh/@octokit/request-error@5.1.1?target=denonext": "443f831cfdd352c7e5a0e156fba48cc43e9bda0f645c1023c2225c6ccf5e4f79",
    "https://esm.sh/@octokit/request@8.4.1/denonext/request.mjs": "a391285e59b9d156ad5e7c545213f857d5854b6164b334b38964f9fd42d3366e",
    "https://esm.sh/@octokit/request@8.4.1?target=denonext": "53051307bba008bd376cf2085946a095cd3e8ae6f98cbb21402c56c393f594cd",
    "https://esm.sh/@octokit/rest@20.0.2": "c7dfdba4ba9932bd3f22fb84520725b43b5d49f901558c3713904ea4b07a89bc",
    "https://esm.sh/@octokit/rest@20.0.2/denonext/rest.mjs": "7e4c32bce70e04c7046a3f894057a0c15a08c1a8c745939b21f09c2551b56e9f",
    "https://esm.sh/before-after-hook@2.2.3/denonext/before-after-hook.mjs": "4b617b81d962407f6bc19a99d5b54c698af6b01f3a190683977ca7e03a3ff520",
    "https://esm.sh/before-after-hook@2.2.3?target=denonext": "991635228e0554b196acf2c9192cdbc3abf1c92d93a6d66c243252a0df86e6ce",
    "https://esm.sh/deprecation@2.3.1/denonext/deprecation.mjs": "3e9b21d4768a3460b3644cdede4753e2825e2ef3d3d522eedd9d5ea17028a141",
    "https://esm.sh/deprecation@2.3.1?target=denonext": "5bf8ab3fd3086938b9892ee6849f8508da9229376ab8f7c25e1ce75a65dbd1e6",
    "https://esm.sh/once@1.4.0/denonext/once.mjs": "cb2ad3a1bf30d4a2400ad6f8477c36fcee3538a95729e6bf071a8446dd69fbea",
    "https://esm.sh/once@1.4.0?target=denonext": "76b137ba41d1f2fb149bfcad1d01565884edf385635622611ce3d9fc8b8b54ce",
    "https://esm.sh/universal-user-agent@6.0.1/denonext/universal-user-agent.mjs": "881223d53c5bd909a858e09075072db5ab6f9e30b864528ed1e594f3d538af2a",
    "https://esm.sh/universal-user-agent@6.0.1?target=denonext": "61f20abb96ece96c74a807193d409ef1b80d7386932b741d6a36eb834fb8e70f",
    "https://esm.sh/wrappy@1.0.2/denonext/wrappy.mjs": "9b30fecc8c0ab8657d63ee25d8d67f22fed7ce32136e667f7da1e88cbc8b8ef4",
    "https://esm.sh/wrappy@1.0.2?target=denonext": "8320150f54fb04978cacf7cfc557e43eca3b628375e09d45e78268d8035def7f"
  },
  "workspace": {
    "dependencies": [
      "jsr:@std/assert@1.0.13",
      "npm:@azure-rest/ai-inference@1.0.0-beta.5",
      "npm:@azure/core-auth@1.9.0",
      "npm:@octokit/rest@22.0.0"
    ]
  }
}
